
Microsoft Visual Studio Solution File, Format Version 12.00
# Visual Studio Version 16
VisualStudioVersion = 16.0.29905.134
MinimumVisualStudioVersion = 10.0.40219.1
Project("{FAE04EC0-301F-11D3-BF4B-00C04F79EFBC}") = "Quiz2Passengers", "Quiz2Passengers\Quiz2Passengers.csproj", "{75CDC05A-4815-43B5-92BD-0EE7164A2240}"
EndProject
Global
	GlobalSection(SolutionConfigurationPlatforms) = preSolution
		Debug|Any CPU = Debug|Any CPU
		Release|Any CPU = Release|Any CPU
	EndGlobalSection
	GlobalSection(ProjectConfigurationPlatforms) = postSolution
		{75CDC05A-4815-43B5-92BD-0EE7164A2240}.Debug|Any CPU.ActiveCfg = Debug|Any CPU
		{75CDC05A-4815-43B5-92BD-0EE7164A2240}.Debug|Any CPU.Build.0 = Debug|Any CPU
		{75CDC05A-4815-43B5-92BD-0EE7164A2240}.Release|Any CPU.ActiveCfg = Release|Any CPU
		{75CDC05A-4815-43B5-92BD-0EE7164A2240}.Release|Any CPU.Build.0 = Release|Any CPU
	EndGlobalSection
	GlobalSection(SolutionProperties) = preSolution
		HideSolutionNode = FALSE
	EndGlobalSection
	GlobalSection(ExtensibilityGlobals) = postSolution
		SolutionGuid = {D68DCE92-6247-4B1E-BEEE-178E55CB51E5}
	EndGlobalSection
EndGlobal
